
Microsoft Visual Studio Solution File, Format Version 12.00
# Visual Studio 15
VisualStudioVersion = 15.0.27428.2027
MinimumVisualStudioVersion = 10.0.40219.1
Project("{FAE04EC0-301F-11D3-BF4B-00C04F79EFBC}") = "FultonUmbrella", "FultonUmbrella\FultonUmbrella.csproj", "{A94CF639-CA27-4116-A073-188F9202E313}"
EndProject
Global
	GlobalSection(SolutionConfigurationPlatforms) = preSolution
		Debug|Any CPU = Debug|Any CPU
		Release|Any CPU = Release|Any CPU
	EndGlobalSection
	GlobalSection(ProjectConfigurationPlatforms) = postSolution
		{A94CF639-CA27-4116-A073-188F9202E313}.Debug|Any CPU.ActiveCfg = Debug|Any CPU
		{A94CF639-CA27-4116-A073-188F9202E313}.Debug|Any CPU.Build.0 = Debug|Any CPU
		{A94CF639-CA27-4116-A073-188F9202E313}.Release|Any CPU.ActiveCfg = Release|Any CPU
		{A94CF639-CA27-4116-A073-188F9202E313}.Release|Any CPU.Build.0 = Release|Any CPU
	EndGlobalSection
	GlobalSection(SolutionProperties) = preSolution
		HideSolutionNode = FALSE
	EndGlobalSection
	GlobalSection(ExtensibilityGlobals) = postSolution
		SolutionGuid = {324A286A-224C-48A9-BFFD-0A125A35FAEC}
	EndGlobalSection
EndGlobal
